{
  "nodes": {
    "android-nixpkgs": {
      "inputs": {
        "devshell": "devshell",
        "flake-utils": "flake-utils",
        "nixpkgs": [
          "nixpkgs"
        ]
      },
      "locked": {
        "lastModified": 1777410489,
        "narHash": "sha256-sXSfE5G1bzIoim5ViUWjsf0W84iCrxOklVS+TQJtpWw=",
        "owner": "tadfisher",
        "repo": "android-nixpkgs",
        "rev": "573bd493707d4cccc1dfbfbb8aad71cc9647974e",
        "type": "github"
      },
      "original": {
        "owner": "tadfisher",
        "ref": "stable",
        "repo": "android-nixpkgs",
        "type": "github"
      }
    },
    "anomalyco-tap": {
      "flake": false,
      "locked": {
        "lastModified": 1777453056,
        "narHash": "sha256-vch+auf/4scxa8w52nTwvH9s1Fj+NSM0Lx24Hy+bVIk=",
        "owner": "anomalyco",
        "repo": "homebrew-tap",
        "rev": "d5447395fcb4d8e29e3e682b0c6c0a2f88185087",
        "type": "github"
      },
      "original": {
        "owner": "anomalyco",
        "repo": "homebrew-tap",
        "type": "github"
      }
    },
    "brew-src": {
      "flake": false,
      "locked": {
        "lastModified": 1777447743,
        "narHash": "sha256-loFzX5Ju7TKYfefOlSeZVKQJPlU/2wTaj3wX5qiyehY=",
        "owner": "Homebrew",
        "repo": "brew",
        "rev": "966384bd63031be492c30f4a2fa9c100101c65dc",
        "type": "github"
      },
      "original": {
        "owner": "Homebrew",
        "repo": "brew",
        "type": "github"
      }
    },
    "catppuccin": {
      "inputs": {
        "nixpkgs": [
          "nixpkgs"
        ]
      },
      "locked": {
        "lastModified": 1777398395,
        "narHash": "sha256-SXlXUP3hdOLeACtGbx1Q5ShhJs3WgP2SPhCnv9Ew+Hw=",
        "owner": "catppuccin",
        "repo": "nix",
        "rev": "ea21443e55c1acca99a69076539e71eaffb87db5",
        "type": "github"
      },
      "original": {
        "owner": "catppuccin",
        "repo": "nix",
        "type": "github"
      }
    },
    "devshell": {
      "inputs": {
        "nixpkgs": [
          "android-nixpkgs",
          "nixpkgs"
        ]
      },
      "locked": {
        "lastModified": 1768818222,
        "narHash": "sha256-460jc0+CZfyaO8+w8JNtlClB2n4ui1RbHfPTLkpwhU8=",
        "owner": "numtide",
        "repo": "devshell",
        "rev": "255a2b1725a20d060f566e4755dbf571bbbb5f76",
        "type": "github"
      },
      "original": {
        "owner": "numtide",
        "repo": "devshell",
        "type": "github"
      }
    },
    "flake-parts": {
      "inputs": {
        "nixpkgs-lib": [
          "nur",
          "nixpkgs"
        ]
      },
      "locked": {
        "lastModified": 1733312601,
        "narHash": "sha256-4pDvzqnegAfRkPwO3wmwBhVi/Sye1mzps0zHWYnP88c=",
        "owner": "hercules-ci",
        "repo": "flake-parts",
        "rev": "205b12d8b7cd4802fbcb8e8ef6a0f1408781a4f9",
        "type": "github"
      },
      "original": {
        "owner": "hercules-ci",
        "repo": "flake-parts",
        "type": "github"
      }
    },
    "flake-utils": {
      "inputs": {
        "systems": "systems"
      },
      "locked": {
        "lastModified": 1731533236,
        "narHash": "sha256-l0KFg5HjrsfsO/JpG+r7fRrqm12kzFHyUHqHCVpMMbI=",
        "owner": "numtide",
        "repo": "flake-utils",
        "rev": "11707dc2f618dd54ca8739b309ec4fc024de578b",
        "type": "github"
      },
      "original": {
        "owner": "numtide",
        "repo": "flake-utils",
        "type": "github"
      }
    },
    "home-manager": {
      "inputs": {
        "nixpkgs": [
          "nixpkgs"
        ]
      },
      "locked": {
        "lastModified": 1777434174,
        "narHash": "sha256-KwTyQ5g2qDhWIs/O6vH8HeF8n4JCzZIT/VYE7nYnukQ=",
        "owner": "nix-community",
        "repo": "home-manager",
        "rev": "d3b4e4b1bd59aedd3d4eb0a8df7162edb6da4607",
        "type": "github"
      },
      "original": {
        "owner": "nix-community",
        "repo": "home-manager",
        "type": "github"
      }
    },
    "home-manager_2": {
      "inputs": {
        "nixpkgs": [
          "zen-browser",
          "nixpkgs"
        ]
      },
      "locked": {
        "lastModified": 1776184304,
        "narHash": "sha256-No6QGBmIv5ChiwKCcbkxjdEQ/RO2ZS1gD7SFy6EZ7rc=",
        "owner": "nix-community",
        "repo": "home-manager",
        "rev": "3c7524c68348ef79ce48308e0978611a050089b2",
        "type": "github"
      },
      "original": {
        "owner": "nix-community",
        "repo": "home-manager",
        "type": "github"
      }
    },
    "homebrew-bundle": {
      "flake": false,
      "locked": {
        "lastModified": 1745335228,
        "narHash": "sha256-TIKR2UgtyUmHLNZp255/vLs+1I10hXe+sciMEbAGFwE=",
        "owner": "homebrew",
        "repo": "homebrew-bundle",
        "rev": "a3265c84b232e13048ecbf6fc18a2eedfadbeb08",
        "type": "github"
      },
      "original": {
        "owner": "homebrew",
        "repo": "homebrew-bundle",
        "type": "github"
      }
    },
    "homebrew-cask": {
      "flake": false,
      "locked": {
        "lastModified": 1777452240,
        "narHash": "sha256-981p4p+FtxiF3pAKDzwCzkHefJLr+BFK5/wn6PYYgBM=",
        "owner": "homebrew",
        "repo": "homebrew-cask",
        "rev": "ed67823eb625a564d1a86a99e57c68c8e9318ca5",
        "type": "github"
      },
      "original": {
        "owner": "homebrew",
        "repo": "homebrew-cask",
        "type": "github"
      }
    },
    "homebrew-core": {
      "flake": false,
      "locked": {
        "lastModified": 1777451794,
        "narHash": "sha256-PM1a3OvAjwtiUG2v996tUVzFGSK7G6GfnsIZo4PFZNA=",
        "owner": "homebrew",
        "repo": "homebrew-core",
        "rev": "50121eed98b9cf5e46fa09c20a33e48203857dd1",
        "type": "github"
      },
      "original": {
        "owner": "homebrew",
        "repo": "homebrew-core",
        "type": "github"
      }
    },
    "nix-darwin": {
      "inputs": {
        "nixpkgs": [
          "nixpkgs"
        ]
      },
      "locked": {
        "lastModified": 1775037210,
        "narHash": "sha256-KM2WYj6EA7M/FVZVCl3rqWY+TFV5QzSyyGE2gQxeODU=",
        "owner": "LnL7",
        "repo": "nix-darwin",
        "rev": "06648f4902343228ce2de79f291dd5a58ee12146",
        "type": "github"
      },
      "original": {
        "owner": "LnL7",
        "repo": "nix-darwin",
        "type": "github"
      }
    },
    "nix-homebrew": {
      "inputs": {
        "brew-src": [
          "brew-src"
        ]
      },
      "locked": {
        "lastModified": 1777250621,
        "narHash": "sha256-WynkkG0hdZ5niYPJUbVg7oMfu8MVwGGzKZ6lKmfa+O8=",
        "owner": "zhaofengli-wip",
        "repo": "nix-homebrew",
        "rev": "aeb2069920742d0d6570089e8b3b8620050bacf2",
        "type": "github"
      },
      "original": {
        "owner": "zhaofengli-wip",
        "repo": "nix-homebrew",
        "type": "github"
      }
    },
    "nix4vscode": {
      "inputs": {
        "nixpkgs": [
          "nixpkgs"
        ],
        "systems": "systems_2"
      },
      "locked": {
        "lastModified": 1777434640,
        "narHash": "sha256-3kMe6ASDs4mGu2EwyVxYtu9q9p3dle7jiroi8ab17Nw=",
        "owner": "nix-community",
        "repo": "nix4vscode",
        "rev": "7a10d74f53faea5cb01d239229f460d89629e68a",
        "type": "github"
      },
      "original": {
        "owner": "nix-community",
        "repo": "nix4vscode",
        "type": "github"
      }
    },
    "nixpkgs": {
      "locked": {
        "lastModified": 1777268161,
        "narHash": "sha256-bxrdOn8SCOv8tN4JbTF/TXq7kjo9ag4M+C8yzzIRYbE=",
        "owner": "nixos",
        "repo": "nixpkgs",
        "rev": "1c3fe55ad329cbcb28471bb30f05c9827f724c76",
        "type": "github"
      },
      "original": {
        "owner": "nixos",
        "ref": "nixos-unstable",
        "repo": "nixpkgs",
        "type": "github"
      }
    },
    "nur": {
      "inputs": {
        "flake-parts": "flake-parts",
        "nixpkgs": [
          "nixpkgs"
        ]
      },
      "locked": {
        "lastModified": 1777451691,
        "narHash": "sha256-HEwzq77kyAiZ/mHHB4nluX3hZWw2raeVJjrcsFT3rOM=",
        "owner": "nix-community",
        "repo": "NUR",
        "rev": "89c459a546f40451f0c0a97161d92691f125af65",
        "type": "github"
      },
      "original": {
        "owner": "nix-community",
        "repo": "NUR",
        "type": "github"
      }
    },
    "root": {
      "inputs": {
        "android-nixpkgs": "android-nixpkgs",
        "anomalyco-tap": "anomalyco-tap",
        "brew-src": "brew-src",
        "catppuccin": "catppuccin",
        "home-manager": "home-manager",
        "homebrew-bundle": "homebrew-bundle",
        "homebrew-cask": "homebrew-cask",
        "homebrew-core": "homebrew-core",
        "nix-darwin": "nix-darwin",
        "nix-homebrew": "nix-homebrew",
        "nix4vscode": "nix4vscode",
        "nixpkgs": "nixpkgs",
        "nur": "nur",
        "zen-browser": "zen-browser"
      }
    },
    "systems": {
      "locked": {
        "lastModified": 1681028828,
        "narHash": "sha256-Vy1rq5AaRuLzOxct8nz4T6wlgyUR7zLU309k9mBC768=",
        "owner": "nix-systems",
        "repo": "default",
        "rev": "da67096a3b9bf56a91d16901293e51ba5b49a27e",
        "type": "github"
      },
      "original": {
        "owner": "nix-systems",
        "repo": "default",
        "type": "github"
      }
    },
    "systems_2": {
      "flake": false,
      "locked": {
        "lastModified": 1681028828,
        "narHash": "sha256-Vy1rq5AaRuLzOxct8nz4T6wlgyUR7zLU309k9mBC768=",
        "owner": "nix-systems",
        "repo": "default",
        "rev": "da67096a3b9bf56a91d16901293e51ba5b49a27e",
        "type": "github"
      },
      "original": {
        "owner": "nix-systems",
        "repo": "default",
        "type": "github"
      }
    },
    "zen-browser": {
      "inputs": {
        "home-manager": "home-manager_2",
        "nixpkgs": [
          "nixpkgs"
        ]
      },
      "locked": {
        "lastModified": 1777356688,
        "narHash": "sha256-fOhJpz7QAkBWAAih72CmnIfIN0pHfuZjhZQ/hBLNWxo=",
        "owner": "0xc000022070",
        "repo": "zen-browser-flake",
        "rev": "b3c972b3d8537a9cf7a0db96b164c9c3e580884a",
        "type": "github"
      },
      "original": {
        "owner": "0xc000022070",
        "repo": "zen-browser-flake",
        "type": "github"
      }
    }
  },
  "root": "root",
  "version": 7
}
